// !$*UTF8*$!
{
	archiveVersion = 1;
	classes = {
	};
	objectVersion = 56;
	objects = {

/* Begin PBXBuildFile section */
		31C6C8402CA8D29C00E6E353 /* AISMRApp.swift in Sources */ = {isa = PBXBuildFile; fileRef = 31C6C83F2CA8D29C00E6E353 /* AISMRApp.swift */; };
		31C6C8422CA8D29C00E6E353 /* ContentView.swift in Sources */ = {isa = PBXBuildFile; fileRef = 31C6C8412CA8D29C00E6E353 /* ContentView.swift */; };
		31C6C8442CA8D29E00E6E353 /* Assets.xcassets in Resources */ = {isa = PBXBuildFile; fileRef = 31C6C8432CA8D29E00E6E353 /* Assets.xcassets */; };
		31C6C8472CA8D29E00E6E353 /* Preview Assets.xcassets in Resources */ = {isa = PBXBuildFile; fileRef = 31C6C8462CA8D29E00E6E353 /* Preview Assets.xcassets */; };
		31C6C84E2CA8D85200E6E353 /* sonic.wav in Resources */ = {isa = PBXBuildFile; fileRef = 31C6C84D2CA8D85200E6E353 /* sonic.wav */; };
		31C6C8522CA912EF00E6E353 /* Chat.swift in Sources */ = {isa = PBXBuildFile; fileRef = 31C6C8512CA912EF00E6E353 /* Chat.swift */; };
		31C6C8542CA9191900E6E353 /* newoutput.wav in Resources */ = {isa = PBXBuildFile; fileRef = 31C6C8532CA9191900E6E353 /* newoutput.wav */; };
		31C6C8562CA92F5200E6E353 /* Test.swift in Sources */ = {isa = PBXBuildFile; fileRef = 31C6C8552CA92F5200E6E353 /* Test.swift */; };
/* End PBXBuildFile section */

/* Begin PBXFileReference section */
		31C6C83C2CA8D29C00E6E353 /* AISMR.app */ = {isa = PBXFileReference; explicitFileType = wrapper.application; includeInIndex = 0; path = AISMR.app; sourceTree = BUILT_PRODUCTS_DIR; };
		31C6C83F2CA8D29C00E6E353 /* AISMRApp.swift */ = {isa = PBXFileReference; lastKnownFileType = sourcecode.swift; path = AISMRApp.swift; sourceTree = "<group>"; };
		31C6C8412CA8D29C00E6E353 /* ContentView.swift */ = {isa = PBXFileReference; lastKnownFileType = sourcecode.swift; path = ContentView.swift; sourceTree = "<group>"; };
		31C6C8432CA8D29E00E6E353 /* Assets.xcassets */ = {isa = PBXFileReference; lastKnownFileType = folder.assetcatalog; path = Assets.xcassets; sourceTree = "<group>"; };
		31C6C8462CA8D29E00E6E353 /* Preview Assets.xcassets */ = {isa = PBXFileReference; lastKnownFileType = folder.assetcatalog; path = "Preview Assets.xcassets"; sourceTree = "<group>"; };
		31C6C84D2CA8D85200E6E353 /* sonic.wav */ = {isa = PBXFileReference; lastKnownFileType = audio.wav; name = sonic.wav; path = AISMR/sonic.wav; sourceTree = SOURCE_ROOT; };
		31C6C8512CA912EF00E6E353 /* Chat.swift */ = {isa = PBXFileReference; lastKnownFileType = sourcecode.swift; path = Chat.swift; sourceTree = "<group>"; };
		31C6C8532CA9191900E6E353 /* newoutput.wav */ = {isa = PBXFileReference; lastKnownFileType = audio.wav; name = newoutput.wav; path = ../../newoutput.wav; sourceTree = "<group>"; };
		31C6C8552CA92F5200E6E353 /* Test.swift */ = {isa = PBXFileReference; lastKnownFileType = sourcecode.swift; path = Test.swift; sourceTree = "<group>"; };
/* End PBXFileReference section */

/* Begin PBXFrameworksBuildPhase section */
		31C6C8392CA8D29C00E6E353 /* Frameworks */ = {
			isa = PBXFrameworksBuildPhase;
			buildActionMask = 2147483647;
			files = (
			);
			runOnlyForDeploymentPostprocessing = 0;
		};
/* End PBXFrameworksBuildPhase section */

/* Begin PBXGroup section */
		31C6C8332CA8D29C00E6E353 = {
			isa = PBXGroup;
			children = (
				31C6C83E2CA8D29C00E6E353 /* AISMR */,
				31C6C83D2CA8D29C00E6E353 /* Products */,
			);
			sourceTree = "<group>";
		};
		31C6C83D2CA8D29C00E6E353 /* Products */ = {
			isa = PBXGroup;
			children = (
				31C6C83C2CA8D29C00E6E353 /* AISMR.app */,
			);
			name = Products;
			sourceTree = "<group>";
		};
		31C6C83E2CA8D29C00E6E353 /* AISMR */ = {
			isa = PBXGroup;
			children = (
				31C6C83F2CA8D29C00E6E353 /* AISMRApp.swift */,
				31C6C8412CA8D29C00E6E353 /* ContentView.swift */,
				31C6C8512CA912EF00E6E353 /* Chat.swift */,
				31C6C84D2CA8D85200E6E353 /* sonic.wav */,
				31C6C8532CA9191900E6E353 /* newoutput.wav */,
				31C6C8432CA8D29E00E6E353 /* Assets.xcassets */,
				31C6C8452CA8D29E00E6E353 /* Preview Content */,
				31C6C8552CA92F5200E6E353 /* Test.swift */,
			);
			path = AISMR;
			sourceTree = "<group>";
		};
		31C6C8452CA8D29E00E6E353 /* Preview Content */ = {
			isa = PBXGroup;
			children = (
				31C6C8462CA8D29E00E6E353 /* Preview Assets.xcassets */,
			);
			path = "Preview Content";
			sourceTree = "<group>";
		};
/* End PBXGroup section */

/* Begin PBXNativeTarget section */
		31C6C83B2CA8D29C00E6E353 /* AISMR */ = {
			isa = PBXNativeTarget;
			buildConfigurationList = 31C6C84A2CA8D29E00E6E353 /* Build configuration list for PBXNativeTarget "AISMR" */;
			buildPhases = (
				31C6C8382CA8D29C00E6E353 /* Sources */,
				31C6C8392CA8D29C00E6E353 /* Frameworks */,
				31C6C83A2CA8D29C00E6E353 /* Resources */,
			);
			buildRules = (
			);
			dependencies = (
			);
			name = AISMR;
			productName = AISMR;
			productReference = 31C6C83C2CA8D29C00E6E353 /* AISMR.app */;
			productType = "com.apple.product-type.application";
		};
/* End PBXNativeTarget section */

/* Begin PBXProject section */
		31C6C8342CA8D29C00E6E353 /* Project object */ = {
			isa = PBXProject;
			attributes = {
				BuildIndependentTargetsInParallel = 1;
				LastSwiftUpdateCheck = 1540;
				LastUpgradeCheck = 1540;
				TargetAttributes = {
					31C6C83B2CA8D29C00E6E353 = {
						CreatedOnToolsVersion = 15.4;
					};
				};
			};
			buildConfigurationList = 31C6C8372CA8D29C00E6E353 /* Build configuration list for PBXProject "AISMR" */;
			compatibilityVersion = "Xcode 14.0";
			developmentRegion = en;
			hasScannedForEncodings = 0;
			knownRegions = (
				en,
				Base,
			);
			mainGroup = 31C6C8332CA8D29C00E6E353;
			productRefGroup = 31C6C83D2CA8D29C00E6E353 /* Products */;
			projectDirPath = "";
			projectRoot = "";
			targets = (
				31C6C83B2CA8D29C00E6E353 /* AISMR */,
			);
		};
/* End PBXProject section */

/* Begin PBXResourcesBuildPhase section */
		31C6C83A2CA8D29C00E6E353 /* Resources */ = {
			isa = PBXResourcesBuildPhase;
			buildActionMask = 2147483647;
			files = (
				31C6C8472CA8D29E00E6E353 /* Preview Assets.xcassets in Resources */,
				31C6C84E2CA8D85200E6E353 /* sonic.wav in Resources */,
				31C6C8442CA8D29E00E6E353 /* Assets.xcassets in Resources */,
				31C6C8542CA9191900E6E353 /* newoutput.wav in Resources */,
			);
			runOnlyForDeploymentPostprocessing = 0;
		};
/* End PBXResourcesBuildPhase section */

/* Begin PBXSourcesBuildPhase section */
		31C6C8382CA8D29C00E6E353 /* Sources */ = {
			isa = PBXSourcesBuildPhase;
			buildActionMask = 2147483647;
			files = (
				31C6C8422CA8D29C00E6E353 /* ContentView.swift in Sources */,
				31C6C8562CA92F5200E6E353 /* Test.swift in Sources */,
				31C6C8522CA912EF00E6E353 /* Chat.swift in Sources */,
				31C6C8402CA8D29C00E6E353 /* AISMRApp.swift in Sources */,
			);
			runOnlyForDeploymentPostprocessing = 0;
		};
/* End PBXSourcesBuildPhase section */

/* Begin XCBuildConfiguration section */
		31C6C8482CA8D29E00E6E353 /* Debug */ = {
			isa = XCBuildConfiguration;
			buildSettings = {
				ALWAYS_SEARCH_USER_PATHS = NO;
				ASSETCATALOG_COMPILER_GENERATE_SWIFT_ASSET_SYMBOL_EXTENSIONS = YES;
				CLANG_ANALYZER_NONNULL = YES;
				CLANG_ANALYZER_NUMBER_OBJECT_CONVERSION = YES_AGGRESSIVE;
				CLANG_CXX_LANGUAGE_STANDARD = "gnu++20";
				CLANG_ENABLE_MODULES = YES;
				CLANG_ENABLE_OBJC_ARC = YES;
				CLANG_ENABLE_OBJC_WEAK = YES;
				CLANG_WARN_BLOCK_CAPTURE_AUTORELEASING = YES;
				CLANG_WARN_BOOL_CONVERSION = YES;
				CLANG_WARN_COMMA = YES;
				CLANG_WARN_CONSTANT_CONVERSION = YES;
				CLANG_WARN_DEPRECATED_OBJC_IMPLEMENTATIONS = YES;
				CLANG_WARN_DIRECT_OBJC_ISA_USAGE = YES_ERROR;
				CLANG_WARN_DOCUMENTATION_COMMENTS = YES;
				CLANG_WARN_EMPTY_BODY = YES;
				CLANG_WARN_ENUM_CONVERSION = YES;
				CLANG_WARN_INFINITE_RECURSION = YES;
				CLANG_WARN_INT_CONVERSION = YES;
				CLANG_WARN_NON_LITERAL_NULL_CONVERSION = YES;
				CLANG_WARN_OBJC_IMPLICIT_RETAIN_SELF = YES;
				CLANG_WARN_OBJC_LITERAL_CONVERSION = YES;
				CLANG_WARN_OBJC_ROOT_CLASS = YES_ERROR;
				CLANG_WARN_QUOTED_INCLUDE_IN_FRAMEWORK_HEADER = YES;
				CLANG_WARN_RANGE_LOOP_ANALYSIS = YES;
				CLANG_WARN_STRICT_PROTOTYPES = YES;
				CLANG_WARN_SUSPICIOUS_MOVE = YES;
				CLANG_WARN_UNGUARDED_AVAILABILITY = YES_AGGRESSIVE;
				CLANG_WARN_UNREACHABLE_CODE = YES;
				CLANG_WARN__DUPLICATE_METHOD_MATCH = YES;
				COPY_PHASE_STRIP = NO;
				DEBUG_INFORMATION_FORMAT = dwarf;
				ENABLE_STRICT_OBJC_MSGSEND = YES;
				ENABLE_TESTABILITY = YES;
				ENABLE_USER_SCRIPT_SANDBOXING = YES;
				GCC_C_LANGUAGE_STANDARD = gnu17;
				GCC_DYNAMIC_NO_PIC = NO;
				GCC_NO_COMMON_BLOCKS = YES;
				GCC_OPTIMIZATION_LEVEL = 0;
				GCC_PREPROCESSOR_DEFINITIONS = (
					"DEBUG=1",
					"$(inherited)",
				);
				GCC_WARN_64_TO_32_BIT_CONVERSION = YES;
				GCC_WARN_ABOUT_RETURN_TYPE = YES_ERROR;
				GCC_WARN_UNDECLARED_SELECTOR = YES;
				GCC_WARN_UNINITIALIZED_AUTOS = YES_AGGRESSIVE;
				GCC_WARN_UNUSED_FUNCTION = YES;
				GCC_WARN_UNUSED_VARIABLE = YES;
				IPHONEOS_DEPLOYMENT_TARGET = 17.5;
				LOCALIZATION_PREFERS_STRING_CATALOGS = YES;
				MTL_ENABLE_DEBUG_INFO = INCLUDE_SOURCE;
				MTL_FAST_MATH = YES;
				ONLY_ACTIVE_ARCH = YES;
				SDKROOT = iphoneos;
				SWIFT_ACTIVE_COMPILATION_CONDITIONS = "DEBUG $(inherited)";
				SWIFT_OPTIMIZATION_LEVEL = "-Onone";
			};
			name = Debug;
		};
		31C6C8492CA8D29E00E6E353 /* Release */ = {
			isa = XCBuildConfiguration;
			buildSettings = {
				ALWAYS_SEARCH_USER_PATHS = NO;
				ASSETCATALOG_COMPILER_GENERATE_SWIFT_ASSET_SYMBOL_EXTENSIONS = YES;
				CLANG_ANALYZER_NONNULL = YES;
				CLANG_ANALYZER_NUMBER_OBJECT_CONVERSION = YES_AGGRESSIVE;
				CLANG_CXX_LANGUAGE_STANDARD = "gnu++20";
				CLANG_ENABLE_MODULES = YES;
				CLANG_ENABLE_OBJC_ARC = YES;
				CLANG_ENABLE_OBJC_WEAK = YES;
				CLANG_WARN_BLOCK_CAPTURE_AUTORELEASING = YES;
				CLANG_WARN_BOOL_CONVERSION = YES;
				CLANG_WARN_COMMA = YES;
				CLANG_WARN_CONSTANT_CONVERSION = YES;
				CLANG_WARN_DEPRECATED_OBJC_IMPLEMENTATIONS = YES;
				CLANG_WARN_DIRECT_OBJC_ISA_USAGE = YES_ERROR;
				CLANG_WARN_DOCUMENTATION_COMMENTS = YES;
				CLANG_WARN_EMPTY_BODY = YES;
				CLANG_WARN_ENUM_CONVERSION = YES;
				CLANG_WARN_INFINITE_RECURSION = YES;
				CLANG_WARN_INT_CONVERSION = YES;
				CLANG_WARN_NON_LITERAL_NULL_CONVERSION = YES;
				CLANG_WARN_OBJC_IMPLICIT_RETAIN_SELF = YES;
				CLANG_WARN_OBJC_LITERAL_CONVERSION = YES;
				CLANG_WARN_OBJC_ROOT_CLASS = YES_ERROR;
				CLANG_WARN_QUOTED_INCLUDE_IN_FRAMEWORK_HEADER = YES;
				CLANG_WARN_RANGE_LOOP_ANALYSIS = YES;
				CLANG_WARN_STRICT_PROTOTYPES = YES;
				CLANG_WARN_SUSPICIOUS_MOVE = YES;
				CLANG_WARN_UNGUARDED_AVAILABILITY = YES_AGGRESSIVE;
				CLANG_WARN_UNREACHABLE_CODE = YES;
				CLANG_WARN__DUPLICATE_METHOD_MATCH = YES;
				COPY_PHASE_STRIP = NO;
				DEBUG_INFORMATION_FORMAT = "dwarf-with-dsym";
				ENABLE_NS_ASSERTIONS = NO;
				ENABLE_STRICT_OBJC_MSGSEND = YES;
				ENABLE_USER_SCRIPT_SANDBOXING = YES;
				GCC_C_LANGUAGE_STANDARD = gnu17;
				GCC_NO_COMMON_BLOCKS = YES;
				GCC_WARN_64_TO_32_BIT_CONVERSION = YES;
				GCC_WARN_ABOUT_RETURN_TYPE = YES_ERROR;
				GCC_WARN_UNDECLARED_SELECTOR = YES;
				GCC_WARN_UNINITIALIZED_AUTOS = YES_AGGRESSIVE;
				GCC_WARN_UNUSED_FUNCTION = YES;
				GCC_WARN_UNUSED_VARIABLE = YES;
				IPHONEOS_DEPLOYMENT_TARGET = 17.5;
				LOCALIZATION_PREFERS_STRING_CATALOGS = YES;
				MTL_ENABLE_DEBUG_INFO = NO;
				MTL_FAST_MATH = YES;
				SDKROOT = iphoneos;
				SWIFT_COMPILATION_MODE = wholemodule;
				VALIDATE_PRODUCT = YES;
			};
			name = Release;
		};
		31C6C84B2CA8D29E00E6E353 /* Debug */ = {
			isa = XCBuildConfiguration;
			buildSettings = {
				ASSETCATALOG_COMPILER_APPICON_NAME = AppIcon;
				ASSETCATALOG_COMPILER_GLOBAL_ACCENT_COLOR_NAME = AccentColor;
				CODE_SIGN_STYLE = Automatic;
				CURRENT_PROJECT_VERSION = 1;
				DEVELOPMENT_ASSET_PATHS = "\"AISMR/Preview Content\"";
				DEVELOPMENT_TEAM = Q8344KAJF2;
				ENABLE_PREVIEWS = YES;
				GENERATE_INFOPLIST_FILE = YES;
				INFOPLIST_KEY_UIApplicationSceneManifest_Generation = YES;
				INFOPLIST_KEY_UIApplicationSupportsIndirectInputEvents = YES;
				INFOPLIST_KEY_UILaunchScreen_Generation = YES;
				INFOPLIST_KEY_UISupportedInterfaceOrientations_iPad = "UIInterfaceOrientationPortrait UIInterfaceOrientationPortraitUpsideDown UIInterfaceOrientationLandscapeLeft UIInterfaceOrientationLandscapeRight";
				INFOPLIST_KEY_UISupportedInterfaceOrientations_iPhone = "UIInterfaceOrientationPortrait UIInterfaceOrientationLandscapeLeft UIInterfaceOrientationLandscapeRight";
				LD_RUNPATH_SEARCH_PATHS = (
					"$(inherited)",
					"@executable_path/Frameworks",
				);
				MARKETING_VERSION = 1.0;
				PRODUCT_BUNDLE_IDENTIFIER = com.grantp.AISMR;
				PRODUCT_NAME = "$(TARGET_NAME)";
				SWIFT_EMIT_LOC_STRINGS = YES;
				SWIFT_VERSION = 5.0;
				TARGETED_DEVICE_FAMILY = "1,2";
			};
			name = Debug;
		};
		31C6C84C2CA8D29E00E6E353 /* Release */ = {
			isa = XCBuildConfiguration;
			buildSettings = {
				ASSETCATALOG_COMPILER_APPICON_NAME = AppIcon;
				ASSETCATALOG_COMPILER_GLOBAL_ACCENT_COLOR_NAME = AccentColor;
				CODE_SIGN_STYLE = Automatic;
				CURRENT_PROJECT_VERSION = 1;
				DEVELOPMENT_ASSET_PATHS = "\"AISMR/Preview Content\"";
				DEVELOPMENT_TEAM = Q8344KAJF2;
				ENABLE_PREVIEWS = YES;
				GENERATE_INFOPLIST_FILE = YES;
				INFOPLIST_KEY_UIApplicationSceneManifest_Generation = YES;
				INFOPLIST_KEY_UIApplicationSupportsIndirectInputEvents = YES;
				INFOPLIST_KEY_UILaunchScreen_Generation = YES;
				INFOPLIST_KEY_UISupportedInterfaceOrientations_iPad = "UIInterfaceOrientationPortrait UIInterfaceOrientationPortraitUpsideDown UIInterfaceOrientationLandscapeLeft UIInterfaceOrientationLandscapeRight";
				INFOPLIST_KEY_UISupportedInterfaceOrientations_iPhone = "UIInterfaceOrientationPortrait UIInterfaceOrientationLandscapeLeft UIInterfaceOrientationLandscapeRight";
				LD_RUNPATH_SEARCH_PATHS = (
					"$(inherited)",
					"@executable_path/Frameworks",
				);
				MARKETING_VERSION = 1.0;
				PRODUCT_BUNDLE_IDENTIFIER = com.grantp.AISMR;
				PRODUCT_NAME = "$(TARGET_NAME)";
				SWIFT_EMIT_LOC_STRINGS = YES;
				SWIFT_VERSION = 5.0;
				TARGETED_DEVICE_FAMILY = "1,2";
			};
			name = Release;
		};
/* End XCBuildConfiguration section */

/* Begin XCConfigurationList section */
		31C6C8372CA8D29C00E6E353 /* Build configuration list for PBXProject "AISMR" */ = {
			isa = XCConfigurationList;
			buildConfigurations = (
				31C6C8482CA8D29E00E6E353 /* Debug */,
				31C6C8492CA8D29E00E6E353 /* Release */,
			);
			defaultConfigurationIsVisible = 0;
			defaultConfigurationName = Release;
		};
		31C6C84A2CA8D29E00E6E353 /* Build configuration list for PBXNativeTarget "AISMR" */ = {
			isa = XCConfigurationList;
			buildConfigurations = (
				31C6C84B2CA8D29E00E6E353 /* Debug */,
				31C6C84C2CA8D29E00E6E353 /* Release */,
			);
			defaultConfigurationIsVisible = 0;
			defaultConfigurationName = Release;
		};
/* End XCConfigurationList section */
	};
	rootObject = 31C6C8342CA8D29C00E6E353 /* Project object */;
}
